
Microsoft Visual Studio Solution File, Format Version 12.00
# Visual Studio Version 17
VisualStudioVersion = 17.0.31903.59
MinimumVisualStudioVersion = 10.0.40219.1
Project("{2150E333-8FDC-42A3-9474-1A3956D46DE8}") = "src", "src", "{827E0CD3-B72D-47B6-A68D-7590B98EB39B}"
EndProject
Project("{FAE04EC0-301F-11D3-BF4B-00C04F79EFBC}") = "MeowField.App", "src\MeowField.App\MeowField.App.csproj", "{3CC24EA6-2087-4945-A9EB-F35C0F51AF7E}"
EndProject
Project("{FAE04EC0-301F-11D3-BF4B-00C04F79EFBC}") = "MeowField.Domain", "src\MeowField.Domain\MeowField.Domain.csproj", "{99211D05-50FC-46C7-BBD9-04313D1E4DC3}"
EndProject
Project("{FAE04EC0-301F-11D3-BF4B-00C04F79EFBC}") = "MeowField.Application", "src\MeowField.Application\MeowField.Application.csproj", "{FC5E301C-66BD-4F9C-BC9C-2DF3056FD1A1}"
EndProject
Project("{FAE04EC0-301F-11D3-BF4B-00C04F79EFBC}") = "MeowField.Infrastructure.Midi", "src\MeowField.Infrastructure.Midi\MeowField.Infrastructure.Midi.csproj", "{1A19A845-3382-447B-A65F-1913E0F0E810}"
EndProject
Project("{FAE04EC0-301F-11D3-BF4B-00C04F79EFBC}") = "MeowField.Infrastructure.Windows", "src\MeowField.Infrastructure.Windows\MeowField.Infrastructure.Windows.csproj", "{48D89006-B87E-425C-A08B-0ADEE09F9F16}"
EndProject
Project("{FAE04EC0-301F-11D3-BF4B-00C04F79EFBC}") = "MeowField.Infrastructure.Storage", "src\MeowField.Infrastructure.Storage\MeowField.Infrastructure.Storage.csproj", "{1CD15B43-E878-4462-88C8-BCBCA9566B6A}"
EndProject
Project("{FAE04EC0-301F-11D3-BF4B-00C04F79EFBC}") = "MeowField.Infrastructure.Audio", "src\MeowField.Infrastructure.Audio\MeowField.Infrastructure.Audio.csproj", "{1D592402-5F68-49A2-843A-78A738DEB936}"
EndProject
Project("{2150E333-8FDC-42A3-9474-1A3956D46DE8}") = "tests", "tests", "{0AB3BF05-4346-4AA6-1389-037BE0695223}"
EndProject
Project("{FAE04EC0-301F-11D3-BF4B-00C04F79EFBC}") = "MeowField.Domain.Tests", "tests\MeowField.Domain.Tests\MeowField.Domain.Tests.csproj", "{2EF7C2B7-9BF0-4BC1-941D-A209CFD4A13C}"
EndProject
Project("{FAE04EC0-301F-11D3-BF4B-00C04F79EFBC}") = "MeowField.Application.Tests", "tests\MeowField.Application.Tests\MeowField.Application.Tests.csproj", "{5615A52D-BCA1-499D-BF54-04EDF6118A11}"
EndProject
Project("{FAE04EC0-301F-11D3-BF4B-00C04F79EFBC}") = "MeowField.Infrastructure.Tests", "tests\MeowField.Infrastructure.Tests\MeowField.Infrastructure.Tests.csproj", "{E9D60842-85DF-4145-BB01-4219056E037A}"
EndProject
Global
	GlobalSection(SolutionConfigurationPlatforms) = preSolution
		Debug|Any CPU = Debug|Any CPU
		Debug|x64 = Debug|x64
		Debug|x86 = Debug|x86
		Release|Any CPU = Release|Any CPU
		Release|x64 = Release|x64
		Release|x86 = Release|x86
	EndGlobalSection
	GlobalSection(ProjectConfigurationPlatforms) = postSolution
		{3CC24EA6-2087-4945-A9EB-F35C0F51AF7E}.Debug|Any CPU.ActiveCfg = Debug|Any CPU
		{3CC24EA6-2087-4945-A9EB-F35C0F51AF7E}.Debug|Any CPU.Build.0 = Debug|Any CPU
		{3CC24EA6-2087-4945-A9EB-F35C0F51AF7E}.Debug|x64.ActiveCfg = Debug|Any CPU
		{3CC24EA6-2087-4945-A9EB-F35C0F51AF7E}.Debug|x64.Build.0 = Debug|Any CPU
		{3CC24EA6-2087-4945-A9EB-F35C0F51AF7E}.Debug|x86.ActiveCfg = Debug|Any CPU
		{3CC24EA6-2087-4945-A9EB-F35C0F51AF7E}.Debug|x86.Build.0 = Debug|Any CPU
		{3CC24EA6-2087-4945-A9EB-F35C0F51AF7E}.Release|Any CPU.ActiveCfg = Release|Any CPU
		{3CC24EA6-2087-4945-A9EB-F35C0F51AF7E}.Release|Any CPU.Build.0 = Release|Any CPU
		{3CC24EA6-2087-4945-A9EB-F35C0F51AF7E}.Release|x64.ActiveCfg = Release|Any CPU
		{3CC24EA6-2087-4945-A9EB-F35C0F51AF7E}.Release|x64.Build.0 = Release|Any CPU
		{3CC24EA6-2087-4945-A9EB-F35C0F51AF7E}.Release|x86.ActiveCfg = Release|Any CPU
		{3CC24EA6-2087-4945-A9EB-F35C0F51AF7E}.Release|x86.Build.0 = Release|Any CPU
		{99211D05-50FC-46C7-BBD9-04313D1E4DC3}.Debug|Any CPU.ActiveCfg = Debug|Any CPU
		{99211D05-50FC-46C7-BBD9-04313D1E4DC3}.Debug|Any CPU.Build.0 = Debug|Any CPU
		{99211D05-50FC-46C7-BBD9-04313D1E4DC3}.Debug|x64.ActiveCfg = Debug|Any CPU
		{99211D05-50FC-46C7-BBD9-04313D1E4DC3}.Debug|x64.Build.0 = Debug|Any CPU
		{99211D05-50FC-46C7-BBD9-04313D1E4DC3}.Debug|x86.ActiveCfg = Debug|Any CPU
		{99211D05-50FC-46C7-BBD9-04313D1E4DC3}.Debug|x86.Build.0 = Debug|Any CPU
		{99211D05-50FC-46C7-BBD9-04313D1E4DC3}.Release|Any CPU.ActiveCfg = Release|Any CPU
		{99211D05-50FC-46C7-BBD9-04313D1E4DC3}.Release|Any CPU.Build.0 = Release|Any CPU
		{99211D05-50FC-46C7-BBD9-04313D1E4DC3}.Release|x64.ActiveCfg = Release|Any CPU
		{99211D05-50FC-46C7-BBD9-04313D1E4DC3}.Release|x64.Build.0 = Release|Any CPU
		{99211D05-50FC-46C7-BBD9-04313D1E4DC3}.Release|x86.ActiveCfg = Release|Any CPU
		{99211D05-50FC-46C7-BBD9-04313D1E4DC3}.Release|x86.Build.0 = Release|Any CPU
		{FC5E301C-66BD-4F9C-BC9C-2DF3056FD1A1}.Debug|Any CPU.ActiveCfg = Debug|Any CPU
		{FC5E301C-66BD-4F9C-BC9C-2DF3056FD1A1}.Debug|Any CPU.Build.0 = Debug|Any CPU
		{FC5E301C-66BD-4F9C-BC9C-2DF3056FD1A1}.Debug|x64.ActiveCfg = Debug|Any CPU
		{FC5E301C-66BD-4F9C-BC9C-2DF3056FD1A1}.Debug|x64.Build.0 = Debug|Any CPU
		{FC5E301C-66BD-4F9C-BC9C-2DF3056FD1A1}.Debug|x86.ActiveCfg = Debug|Any CPU
		{FC5E301C-66BD-4F9C-BC9C-2DF3056FD1A1}.Debug|x86.Build.0 = Debug|Any CPU
		{FC5E301C-66BD-4F9C-BC9C-2DF3056FD1A1}.Release|Any CPU.ActiveCfg = Release|Any CPU
		{FC5E301C-66BD-4F9C-BC9C-2DF3056FD1A1}.Release|Any CPU.Build.0 = Release|Any CPU
		{FC5E301C-66BD-4F9C-BC9C-2DF3056FD1A1}.Release|x64.ActiveCfg = Release|Any CPU
		{FC5E301C-66BD-4F9C-BC9C-2DF3056FD1A1}.Release|x64.Build.0 = Release|Any CPU
		{FC5E301C-66BD-4F9C-BC9C-2DF3056FD1A1}.Release|x86.ActiveCfg = Release|Any CPU
		{FC5E301C-66BD-4F9C-BC9C-2DF3056FD1A1}.Release|x86.Build.0 = Release|Any CPU
		{1A19A845-3382-447B-A65F-1913E0F0E810}.Debug|Any CPU.ActiveCfg = Debug|Any CPU
		{1A19A845-3382-447B-A65F-1913E0F0E810}.Debug|Any CPU.Build.0 = Debug|Any CPU
		{1A19A845-3382-447B-A65F-1913E0F0E810}.Debug|x64.ActiveCfg = Debug|Any CPU
		{1A19A845-3382-447B-A65F-1913E0F0E810}.Debug|x64.Build.0 = Debug|Any CPU
		{1A19A845-3382-447B-A65F-1913E0F0E810}.Debug|x86.ActiveCfg = Debug|Any CPU
		{1A19A845-3382-447B-A65F-1913E0F0E810}.Debug|x86.Build.0 = Debug|Any CPU
		{1A19A845-3382-447B-A65F-1913E0F0E810}.Release|Any CPU.ActiveCfg = Release|Any CPU
		{1A19A845-3382-447B-A65F-1913E0F0E810}.Release|Any CPU.Build.0 = Release|Any CPU
		{1A19A845-3382-447B-A65F-1913E0F0E810}.Release|x64.ActiveCfg = Release|Any CPU
		{1A19A845-3382-447B-A65F-1913E0F0E810}.Release|x64.Build.0 = Release|Any CPU
		{1A19A845-3382-447B-A65F-1913E0F0E810}.Release|x86.ActiveCfg = Release|Any CPU
		{1A19A845-3382-447B-A65F-1913E0F0E810}.Release|x86.Build.0 = Release|Any CPU
		{48D89006-B87E-425C-A08B-0ADEE09F9F16}.Debug|Any CPU.ActiveCfg = Debug|Any CPU
		{48D89006-B87E-425C-A08B-0ADEE09F9F16}.Debug|Any CPU.Build.0 = Debug|Any CPU
		{48D89006-B87E-425C-A08B-0ADEE09F9F16}.Debug|x64.ActiveCfg = Debug|Any CPU
		{48D89006-B87E-425C-A08B-0ADEE09F9F16}.Debug|x64.Build.0 = Debug|Any CPU
		{48D89006-B87E-425C-A08B-0ADEE09F9F16}.Debug|x86.ActiveCfg = Debug|Any CPU
		{48D89006-B87E-425C-A08B-0ADEE09F9F16}.Debug|x86.Build.0 = Debug|Any CPU
		{48D89006-B87E-425C-A08B-0ADEE09F9F16}.Release|Any CPU.ActiveCfg = Release|Any CPU
		{48D89006-B87E-425C-A08B-0ADEE09F9F16}.Release|Any CPU.Build.0 = Release|Any CPU
		{48D89006-B87E-425C-A08B-0ADEE09F9F16}.Release|x64.ActiveCfg = Release|Any CPU
		{48D89006-B87E-425C-A08B-0ADEE09F9F16}.Release|x64.Build.0 = Release|Any CPU
		{48D89006-B87E-425C-A08B-0ADEE09F9F16}.Release|x86.ActiveCfg = Release|Any CPU
		{48D89006-B87E-425C-A08B-0ADEE09F9F16}.Release|x86.Build.0 = Release|Any CPU
		{1CD15B43-E878-4462-88C8-BCBCA9566B6A}.Debug|Any CPU.ActiveCfg = Debug|Any CPU
		{1CD15B43-E878-4462-88C8-BCBCA9566B6A}.Debug|Any CPU.Build.0 = Debug|Any CPU
		{1CD15B43-E878-4462-88C8-BCBCA9566B6A}.Debug|x64.ActiveCfg = Debug|Any CPU
		{1CD15B43-E878-4462-88C8-BCBCA9566B6A}.Debug|x64.Build.0 = Debug|Any CPU
		{1CD15B43-E878-4462-88C8-BCBCA9566B6A}.Debug|x86.ActiveCfg = Debug|Any CPU
		{1CD15B43-E878-4462-88C8-BCBCA9566B6A}.Debug|x86.Build.0 = Debug|Any CPU
		{1CD15B43-E878-4462-88C8-BCBCA9566B6A}.Release|Any CPU.ActiveCfg = Release|Any CPU
		{1CD15B43-E878-4462-88C8-BCBCA9566B6A}.Release|Any CPU.Build.0 = Release|Any CPU
		{1CD15B43-E878-4462-88C8-BCBCA9566B6A}.Release|x64.ActiveCfg = Release|Any CPU
		{1CD15B43-E878-4462-88C8-BCBCA9566B6A}.Release|x64.Build.0 = Release|Any CPU
		{1CD15B43-E878-4462-88C8-BCBCA9566B6A}.Release|x86.ActiveCfg = Release|Any CPU
		{1CD15B43-E878-4462-88C8-BCBCA9566B6A}.Release|x86.Build.0 = Release|Any CPU
		{1D592402-5F68-49A2-843A-78A738DEB936}.Debug|Any CPU.ActiveCfg = Debug|Any CPU
		{1D592402-5F68-49A2-843A-78A738DEB936}.Debug|Any CPU.Build.0 = Debug|Any CPU
		{1D592402-5F68-49A2-843A-78A738DEB936}.Debug|x64.ActiveCfg = Debug|Any CPU
		{1D592402-5F68-49A2-843A-78A738DEB936}.Debug|x64.Build.0 = Debug|Any CPU
		{1D592402-5F68-49A2-843A-78A738DEB936}.Debug|x86.ActiveCfg = Debug|Any CPU
		{1D592402-5F68-49A2-843A-78A738DEB936}.Debug|x86.Build.0 = Debug|Any CPU
		{1D592402-5F68-49A2-843A-78A738DEB936}.Release|Any CPU.ActiveCfg = Release|Any CPU
		{1D592402-5F68-49A2-843A-78A738DEB936}.Release|Any CPU.Build.0 = Release|Any CPU
		{1D592402-5F68-49A2-843A-78A738DEB936}.Release|x64.ActiveCfg = Release|Any CPU
		{1D592402-5F68-49A2-843A-78A738DEB936}.Release|x64.Build.0 = Release|Any CPU
		{1D592402-5F68-49A2-843A-78A738DEB936}.Release|x86.ActiveCfg = Release|Any CPU
		{1D592402-5F68-49A2-843A-78A738DEB936}.Release|x86.Build.0 = Release|Any CPU
		{2EF7C2B7-9BF0-4BC1-941D-A209CFD4A13C}.Debug|Any CPU.ActiveCfg = Debug|Any CPU
		{2EF7C2B7-9BF0-4BC1-941D-A209CFD4A13C}.Debug|Any CPU.Build.0 = Debug|Any CPU
		{2EF7C2B7-9BF0-4BC1-941D-A209CFD4A13C}.Debug|x64.ActiveCfg = Debug|Any CPU
		{2EF7C2B7-9BF0-4BC1-941D-A209CFD4A13C}.Debug|x64.Build.0 = Debug|Any CPU
		{2EF7C2B7-9BF0-4BC1-941D-A209CFD4A13C}.Debug|x86.ActiveCfg = Debug|Any CPU
		{2EF7C2B7-9BF0-4BC1-941D-A209CFD4A13C}.Debug|x86.Build.0 = Debug|Any CPU
		{2EF7C2B7-9BF0-4BC1-941D-A209CFD4A13C}.Release|Any CPU.ActiveCfg = Release|Any CPU
		{2EF7C2B7-9BF0-4BC1-941D-A209CFD4A13C}.Release|Any CPU.Build.0 = Release|Any CPU
		{2EF7C2B7-9BF0-4BC1-941D-A209CFD4A13C}.Release|x64.ActiveCfg = Release|Any CPU
		{2EF7C2B7-9BF0-4BC1-941D-A209CFD4A13C}.Release|x64.Build.0 = Release|Any CPU
		{2EF7C2B7-9BF0-4BC1-941D-A209CFD4A13C}.Release|x86.ActiveCfg = Release|Any CPU
		{2EF7C2B7-9BF0-4BC1-941D-A209CFD4A13C}.Release|x86.Build.0 = Release|Any CPU
		{5615A52D-BCA1-499D-BF54-04EDF6118A11}.Debug|Any CPU.ActiveCfg = Debug|Any CPU
		{5615A52D-BCA1-499D-BF54-04EDF6118A11}.Debug|Any CPU.Build.0 = Debug|Any CPU
		{5615A52D-BCA1-499D-BF54-04EDF6118A11}.Debug|x64.ActiveCfg = Debug|Any CPU
		{5615A52D-BCA1-499D-BF54-04EDF6118A11}.Debug|x64.Build.0 = Debug|Any CPU
		{5615A52D-BCA1-499D-BF54-04EDF6118A11}.Debug|x86.ActiveCfg = Debug|Any CPU
		{5615A52D-BCA1-499D-BF54-04EDF6118A11}.Debug|x86.Build.0 = Debug|Any CPU
		{5615A52D-BCA1-499D-BF54-04EDF6118A11}.Release|Any CPU.ActiveCfg = Release|Any CPU
		{5615A52D-BCA1-499D-BF54-04EDF6118A11}.Release|Any CPU.Build.0 = Release|Any CPU
		{5615A52D-BCA1-499D-BF54-04EDF6118A11}.Release|x64.ActiveCfg = Release|Any CPU
		{5615A52D-BCA1-499D-BF54-04EDF6118A11}.Release|x64.Build.0 = Release|Any CPU
		{5615A52D-BCA1-499D-BF54-04EDF6118A11}.Release|x86.ActiveCfg = Release|Any CPU
		{5615A52D-BCA1-499D-BF54-04EDF6118A11}.Release|x86.Build.0 = Release|Any CPU
		{E9D60842-85DF-4145-BB01-4219056E037A}.Debug|Any CPU.ActiveCfg = Debug|Any CPU
		{E9D60842-85DF-4145-BB01-4219056E037A}.Debug|Any CPU.Build.0 = Debug|Any CPU
		{E9D60842-85DF-4145-BB01-4219056E037A}.Debug|x64.ActiveCfg = Debug|Any CPU
		{E9D60842-85DF-4145-BB01-4219056E037A}.Debug|x64.Build.0 = Debug|Any CPU
		{E9D60842-85DF-4145-BB01-4219056E037A}.Debug|x86.ActiveCfg = Debug|Any CPU
		{E9D60842-85DF-4145-BB01-4219056E037A}.Debug|x86.Build.0 = Debug|Any CPU
		{E9D60842-85DF-4145-BB01-4219056E037A}.Release|Any CPU.ActiveCfg = Release|Any CPU
		{E9D60842-85DF-4145-BB01-4219056E037A}.Release|Any CPU.Build.0 = Release|Any CPU
		{E9D60842-85DF-4145-BB01-4219056E037A}.Release|x64.ActiveCfg = Release|Any CPU
		{E9D60842-85DF-4145-BB01-4219056E037A}.Release|x64.Build.0 = Release|Any CPU
		{E9D60842-85DF-4145-BB01-4219056E037A}.Release|x86.ActiveCfg = Release|Any CPU
		{E9D60842-85DF-4145-BB01-4219056E037A}.Release|x86.Build.0 = Release|Any CPU
	EndGlobalSection
	GlobalSection(SolutionProperties) = preSolution
		HideSolutionNode = FALSE
	EndGlobalSection
	GlobalSection(NestedProjects) = preSolution
		{3CC24EA6-2087-4945-A9EB-F35C0F51AF7E} = {827E0CD3-B72D-47B6-A68D-7590B98EB39B}
		{99211D05-50FC-46C7-BBD9-04313D1E4DC3} = {827E0CD3-B72D-47B6-A68D-7590B98EB39B}
		{FC5E301C-66BD-4F9C-BC9C-2DF3056FD1A1} = {827E0CD3-B72D-47B6-A68D-7590B98EB39B}
		{1A19A845-3382-447B-A65F-1913E0F0E810} = {827E0CD3-B72D-47B6-A68D-7590B98EB39B}
		{48D89006-B87E-425C-A08B-0ADEE09F9F16} = {827E0CD3-B72D-47B6-A68D-7590B98EB39B}
		{1CD15B43-E878-4462-88C8-BCBCA9566B6A} = {827E0CD3-B72D-47B6-A68D-7590B98EB39B}
		{1D592402-5F68-49A2-843A-78A738DEB936} = {827E0CD3-B72D-47B6-A68D-7590B98EB39B}
		{2EF7C2B7-9BF0-4BC1-941D-A209CFD4A13C} = {0AB3BF05-4346-4AA6-1389-037BE0695223}
		{5615A52D-BCA1-499D-BF54-04EDF6118A11} = {0AB3BF05-4346-4AA6-1389-037BE0695223}
		{E9D60842-85DF-4145-BB01-4219056E037A} = {0AB3BF05-4346-4AA6-1389-037BE0695223}
	EndGlobalSection
EndGlobal
